
Microsoft Visual Studio Solution File, Format Version 12.00
# Visual Studio Version 17
VisualStudioVersion = 17.9.34723.18
MinimumVisualStudioVersion = 10.0.40219.1
Project("{FAE04EC0-301F-11D3-BF4B-00C04F79EFBC}") = "Importa-planilha-excel", "Importa-planilha-excel\Importa-planilha-excel.csproj", "{784F25A0-7D6E-4E95-98D1-9D79CBB5FA2E}"
EndProject
Global
	GlobalSection(SolutionConfigurationPlatforms) = preSolution
		Debug|Any CPU = Debug|Any CPU
		Release|Any CPU = Release|Any CPU
	EndGlobalSection
	GlobalSection(ProjectConfigurationPlatforms) = postSolution
		{784F25A0-7D6E-4E95-98D1-9D79CBB5FA2E}.Debug|Any CPU.ActiveCfg = Debug|Any CPU
		{784F25A0-7D6E-4E95-98D1-9D79CBB5FA2E}.Debug|Any CPU.Build.0 = Debug|Any CPU
		{784F25A0-7D6E-4E95-98D1-9D79CBB5FA2E}.Release|Any CPU.ActiveCfg = Release|Any CPU
		{784F25A0-7D6E-4E95-98D1-9D79CBB5FA2E}.Release|Any CPU.Build.0 = Release|Any CPU
	EndGlobalSection
	GlobalSection(SolutionProperties) = preSolution
		HideSolutionNode = FALSE
	EndGlobalSection
	GlobalSection(ExtensibilityGlobals) = postSolution
		SolutionGuid = {E9EAABDC-C269-406A-AA74-F5A6AEC7C089}
	EndGlobalSection
EndGlobal
